
Microsoft Visual Studio Solution File, Format Version 12.00
# Visual Studio 15
VisualStudioVersion = 15.0.27130.2003
MinimumVisualStudioVersion = 10.0.40219.1
Project("{00D1A9C2-B5F0-4AF3-8072-F6C62B433612}") = "Basketball_Database", "Basketball_Database\Basketball_Database.sqlproj", "{DAFA318F-5616-4E8B-A82D-97F69EB41F01}"
EndProject
Project("{FAE04EC0-301F-11D3-BF4B-00C04F79EFBC}") = "Basketball_FinalWebAPI", "Basketball_WebAPI\Basketball_WebAPI\Basketball_FinalWebAPI.csproj", "{4DA16F90-C02F-41BD-9F46-6BFCD07A0A24}"
EndProject
Global
	GlobalSection(SolutionConfigurationPlatforms) = preSolution
		Debug|Any CPU = Debug|Any CPU
		Release|Any CPU = Release|Any CPU
	EndGlobalSection
	GlobalSection(ProjectConfigurationPlatforms) = postSolution
		{DAFA318F-5616-4E8B-A82D-97F69EB41F01}.Debug|Any CPU.ActiveCfg = Debug|Any CPU
		{DAFA318F-5616-4E8B-A82D-97F69EB41F01}.Debug|Any CPU.Build.0 = Debug|Any CPU
		{DAFA318F-5616-4E8B-A82D-97F69EB41F01}.Debug|Any CPU.Deploy.0 = Debug|Any CPU
		{DAFA318F-5616-4E8B-A82D-97F69EB41F01}.Release|Any CPU.ActiveCfg = Release|Any CPU
		{DAFA318F-5616-4E8B-A82D-97F69EB41F01}.Release|Any CPU.Build.0 = Release|Any CPU
		{DAFA318F-5616-4E8B-A82D-97F69EB41F01}.Release|Any CPU.Deploy.0 = Release|Any CPU
		{4DA16F90-C02F-41BD-9F46-6BFCD07A0A24}.Debug|Any CPU.ActiveCfg = Debug|Any CPU
		{4DA16F90-C02F-41BD-9F46-6BFCD07A0A24}.Debug|Any CPU.Build.0 = Debug|Any CPU
		{4DA16F90-C02F-41BD-9F46-6BFCD07A0A24}.Release|Any CPU.ActiveCfg = Release|Any CPU
		{4DA16F90-C02F-41BD-9F46-6BFCD07A0A24}.Release|Any CPU.Build.0 = Release|Any CPU
	EndGlobalSection
	GlobalSection(SolutionProperties) = preSolution
		HideSolutionNode = FALSE
	EndGlobalSection
	GlobalSection(ExtensibilityGlobals) = postSolution
		SolutionGuid = {807C8645-DC4A-4341-8D0C-C27868D785C8}
	EndGlobalSection
EndGlobal
